
Microsoft Visual Studio Solution File, Format Version 12.00
# Visual Studio Version 17
VisualStudioVersion = 17.10.35013.160
MinimumVisualStudioVersion = 10.0.40219.1
Project("{9A19103F-16F7-4668-BE54-9A1E7A4F7556}") = "ITMO.DesktopCSharp.WPF.Prac09.Ex01.BackgroundWorker", "ITMO.DesktopCSharp.WPF.Prac09.Ex01.BackgroundWorker.csproj", "{F00A16CA-A8C9-44B7-9A2F-BEB5423D45DF}"
EndProject
Global
	GlobalSection(SolutionConfigurationPlatforms) = preSolution
		Debug|Any CPU = Debug|Any CPU
		Release|Any CPU = Release|Any CPU
	EndGlobalSection
	GlobalSection(ProjectConfigurationPlatforms) = postSolution
		{F00A16CA-A8C9-44B7-9A2F-BEB5423D45DF}.Debug|Any CPU.ActiveCfg = Debug|Any CPU
		{F00A16CA-A8C9-44B7-9A2F-BEB5423D45DF}.Debug|Any CPU.Build.0 = Debug|Any CPU
		{F00A16CA-A8C9-44B7-9A2F-BEB5423D45DF}.Release|Any CPU.ActiveCfg = Release|Any CPU
		{F00A16CA-A8C9-44B7-9A2F-BEB5423D45DF}.Release|Any CPU.Build.0 = Release|Any CPU
	EndGlobalSection
	GlobalSection(SolutionProperties) = preSolution
		HideSolutionNode = FALSE
	EndGlobalSection
	GlobalSection(ExtensibilityGlobals) = postSolution
		SolutionGuid = {4ABAD646-74CA-4DAF-9C92-94FD4092A278}
	EndGlobalSection
EndGlobal
