
Microsoft Visual Studio Solution File, Format Version 12.00
# Visual Studio Version 17
VisualStudioVersion = 17.8.34309.116
MinimumVisualStudioVersion = 10.0.40219.1
Project("{FAE04EC0-301F-11D3-BF4B-00C04F79EFBC}") = "WinQuestion", "WinQuestion.csproj", "{858C9F58-2CD2-4BEA-92DD-E21EB19CF150}"
EndProject
Global
	GlobalSection(SolutionConfigurationPlatforms) = preSolution
		Debug|Any CPU = Debug|Any CPU
		Release|Any CPU = Release|Any CPU
	EndGlobalSection
	GlobalSection(ProjectConfigurationPlatforms) = postSolution
		{858C9F58-2CD2-4BEA-92DD-E21EB19CF150}.Debug|Any CPU.ActiveCfg = Debug|Any CPU
		{858C9F58-2CD2-4BEA-92DD-E21EB19CF150}.Debug|Any CPU.Build.0 = Debug|Any CPU
		{858C9F58-2CD2-4BEA-92DD-E21EB19CF150}.Release|Any CPU.ActiveCfg = Release|Any CPU
		{858C9F58-2CD2-4BEA-92DD-E21EB19CF150}.Release|Any CPU.Build.0 = Release|Any CPU
	EndGlobalSection
	GlobalSection(SolutionProperties) = preSolution
		HideSolutionNode = FALSE
	EndGlobalSection
	GlobalSection(ExtensibilityGlobals) = postSolution
		SolutionGuid = {C2983D8F-AB5D-4303-B0B9-E803E56FAEC5}
	EndGlobalSection
EndGlobal
